
Microsoft Visual Studio Solution File, Format Version 12.00
# Visual Studio 15
VisualStudioVersion = 15.0.27130.2024
MinimumVisualStudioVersion = 10.0.40219.1
Project("{8BC9CEB8-8B4A-11D0-8D11-00A0C91BC942}") = "CMPE452_Assignment2", "CMPE452_Assignment2\CMPE452_Assignment2.vcxproj", "{B6357A9F-4AA6-4D19-ABDD-2D484F29D4EA}"
EndProject
Global
	GlobalSection(SolutionConfigurationPlatforms) = preSolution
		Debug|x64 = Debug|x64
		Debug|x86 = Debug|x86
		Release|x64 = Release|x64
		Release|x86 = Release|x86
	EndGlobalSection
	GlobalSection(ProjectConfigurationPlatforms) = postSolution
		{B6357A9F-4AA6-4D19-ABDD-2D484F29D4EA}.Debug|x64.ActiveCfg = Debug|x64
		{B6357A9F-4AA6-4D19-ABDD-2D484F29D4EA}.Debug|x64.Build.0 = Debug|x64
		{B6357A9F-4AA6-4D19-ABDD-2D484F29D4EA}.Debug|x86.ActiveCfg = Debug|Win32
		{B6357A9F-4AA6-4D19-ABDD-2D484F29D4EA}.Debug|x86.Build.0 = Debug|Win32
		{B6357A9F-4AA6-4D19-ABDD-2D484F29D4EA}.Release|x64.ActiveCfg = Release|x64
		{B6357A9F-4AA6-4D19-ABDD-2D484F29D4EA}.Release|x64.Build.0 = Release|x64
		{B6357A9F-4AA6-4D19-ABDD-2D484F29D4EA}.Release|x86.ActiveCfg = Release|Win32
		{B6357A9F-4AA6-4D19-ABDD-2D484F29D4EA}.Release|x86.Build.0 = Release|Win32
	EndGlobalSection
	GlobalSection(SolutionProperties) = preSolution
		HideSolutionNode = FALSE
	EndGlobalSection
	GlobalSection(ExtensibilityGlobals) = postSolution
		SolutionGuid = {9BEE9CA6-B661-4C84-99B2-DDD62B8ED07A}
	EndGlobalSection
EndGlobal
